{
  "name": ".opencode",
  "lockfileVersion": 3,
  "requires": true,
  "packages": {
    "": {
      "dependencies": {
        "@franlol/opencode-md-table-formatter": "^0.0.3",
        "@opencode-ai/plugin": "1.1.51"
      }
    },
    "node_modules/@franlol/opencode-md-table-formatter": {
      "version": "0.0.3",
      "resolved": "https://registry.npmjs.org/@franlol/opencode-md-table-formatter/-/opencode-md-table-formatter-0.0.3.tgz",
      "integrity": "sha512-1+Nt4TU/J3mQ1n1gB62Si7ehboTrzXUbEVMk2U1EFqT4nlQCBdZzd8PcYQMWXmYHYV+RSFe10rQS7s9hxJvBNA==",
      "license": "MIT",
      "engines": {
        "node": ">=18.0.0"
      },
      "peerDependencies": {
        "@opencode-ai/plugin": ">=0.13.7"
      }
    },
    "node_modules/@opencode-ai/plugin": {
      "version": "1.1.51",
      "license": "MIT",
      "dependencies": {
        "@opencode-ai/sdk": "1.1.51",
        "zod": "4.1.8"
      }
    },
    "node_modules/@opencode-ai/sdk": {
      "version": "1.1.51",
      "license": "MIT"
    },
    "node_modules/zod": {
      "version": "4.1.8",
      "license": "MIT",
      "funding": {
        "url": "https://github.com/sponsors/colinhacks"
      }
    }
  }
}
